
Microsoft Visual Studio Solution File, Format Version 12.00
# Visual Studio 15
VisualStudioVersion = 15.0.27428.2037
MinimumVisualStudioVersion = 10.0.40219.1
Project("{FAE04EC0-301F-11D3-BF4B-00C04F79EFBC}") = "Stego.app", "Stego.app\Stego.app.csproj", "{68DC1C66-EE8F-4EA6-ACB5-C58A2CA47F37}"
EndProject
Global
	GlobalSection(SolutionConfigurationPlatforms) = preSolution
		Debug|Any CPU = Debug|Any CPU
		Release|Any CPU = Release|Any CPU
	EndGlobalSection
	GlobalSection(ProjectConfigurationPlatforms) = postSolution
		{68DC1C66-EE8F-4EA6-ACB5-C58A2CA47F37}.Debug|Any CPU.ActiveCfg = Debug|Any CPU
		{68DC1C66-EE8F-4EA6-ACB5-C58A2CA47F37}.Debug|Any CPU.Build.0 = Debug|Any CPU
		{68DC1C66-EE8F-4EA6-ACB5-C58A2CA47F37}.Release|Any CPU.ActiveCfg = Release|Any CPU
		{68DC1C66-EE8F-4EA6-ACB5-C58A2CA47F37}.Release|Any CPU.Build.0 = Release|Any CPU
	EndGlobalSection
	GlobalSection(SolutionProperties) = preSolution
		HideSolutionNode = FALSE
	EndGlobalSection
	GlobalSection(ExtensibilityGlobals) = postSolution
		SolutionGuid = {F0C47FE0-4E82-47A3-B758-A45E2ABA99B5}
	EndGlobalSection
EndGlobal
